{
  "name": "src-cordova",
  "lockfileVersion": 2,
  "requires": true,
  "packages": {
    "": {
      "devDependencies": {
        "cordova-plugin-background-mode": "^0.7.3",
        "cordova-plugin-device": "^2.1.0"
      }
    },
    "node_modules/cordova-plugin-background-mode": {
      "version": "0.7.3",
      "resolved": "https://registry.npmjs.org/cordova-plugin-background-mode/-/cordova-plugin-background-mode-0.7.3.tgz",
      "integrity": "sha512-LsU1v7EgTUROaks+tcQ8TnMzVUcU/TwjDVwj2O/4e4aI2q2ldLGsiZorqKqfqvwh2HoIssmY73OwJk91hQi62w==",
      "dev": true,
      "engines": [
        {
          "name": "cordova",
          "version": ">=3.0.0"
        },
        {
          "name": "android-sdk",
          "version": ">=16"
        }
      ]
    },
    "node_modules/cordova-plugin-device": {
      "version": "2.1.0",
      "resolved": "https://registry.npmjs.org/cordova-plugin-device/-/cordova-plugin-device-2.1.0.tgz",
      "integrity": "sha512-FU0Lw1jZpuKOgG4v80LrfMAOIMCGfAVPumn7AwaX9S1iU/X3OPZUyoKUgP09q4bxL35IeNPkqNWVKYduAXZ1sg==",
      "dev": true,
      "engines": {
        "cordovaDependencies": {
          "3.0.0": {
            "cordova": ">100",
            "cordova-electron": ">=3.0.0"
          }
        }
      }
    }
  },
  "dependencies": {
    "cordova-plugin-background-mode": {
      "version": "0.7.3",
      "resolved": "https://registry.npmjs.org/cordova-plugin-background-mode/-/cordova-plugin-background-mode-0.7.3.tgz",
      "integrity": "sha512-LsU1v7EgTUROaks+tcQ8TnMzVUcU/TwjDVwj2O/4e4aI2q2ldLGsiZorqKqfqvwh2HoIssmY73OwJk91hQi62w==",
      "dev": true
    },
    "cordova-plugin-device": {
      "version": "2.1.0",
      "resolved": "https://registry.npmjs.org/cordova-plugin-device/-/cordova-plugin-device-2.1.0.tgz",
      "integrity": "sha512-FU0Lw1jZpuKOgG4v80LrfMAOIMCGfAVPumn7AwaX9S1iU/X3OPZUyoKUgP09q4bxL35IeNPkqNWVKYduAXZ1sg==",
      "dev": true
    }
  }
}
